
Microsoft Visual Studio Solution File, Format Version 12.00
# Visual Studio Version 17
VisualStudioVersion = 17.14.36429.23 d17.14
MinimumVisualStudioVersion = 10.0.40219.1
Project("{2150E333-8FDC-42A3-9474-1A3956D46DE8}") = "Task0", "Task0", "{02EA681E-C7D8-13C7-8484-4AC65E1B71E8}"
EndProject
Project("{2150E333-8FDC-42A3-9474-1A3956D46DE8}") = "Task1", "Task1", "{4C1EADE5-4D39-4A78-B4D4-D9C33C6E3C03}"
EndProject
Project("{2150E333-8FDC-42A3-9474-1A3956D46DE8}") = "Task2", "Task2", "{9B37545C-E2AC-4526-A1E1-A469DF5FBDE1}"
EndProject
Project("{2150E333-8FDC-42A3-9474-1A3956D46DE8}") = "Task3", "Task3", "{D069429A-C1AA-4A3A-9A1F-652682556E47}"
EndProject
Project("{2150E333-8FDC-42A3-9474-1A3956D46DE8}") = "Task4", "Task4", "{E022F490-BE25-4DFA-A07F-AB9C497C5F56}"
EndProject
Project("{2150E333-8FDC-42A3-9474-1A3956D46DE8}") = "Task5", "Task5", "{9B665F75-F577-4951-A617-BBFDE28F86C1}"
EndProject
Project("{2150E333-8FDC-42A3-9474-1A3956D46DE8}") = "Task6", "Task6", "{087889B0-B1AC-453A-824A-DFBC3FC614ED}"
EndProject
Project("{2150E333-8FDC-42A3-9474-1A3956D46DE8}") = "Task7", "Task7", "{A9058812-AAA1-4BDB-975E-C152051578FD}"
EndProject
Project("{FAE04EC0-301F-11D3-BF4B-00C04F79EFBC}") = "Tyuiu.TenkeumiaffoSL.Sprint4.Task0.V16", "Tyuiu.TenkeumiaffoSL.Sprint4.Task0.V16\Tyuiu.TenkeumiaffoSL.Sprint4.Task0.V16.csproj", "{7D98A32E-B2CE-43FE-B6AE-0926E5AB5EF5}"
EndProject
Project("{FAE04EC0-301F-11D3-BF4B-00C04F79EFBC}") = "Tyuiu.TenkeumiaffoSL.Sprint4.Task0.V16.Lib", "Tyuiu.TenkeumiaffoSL.Sprint4.Task0.V16.Lib\Tyuiu.TenkeumiaffoSL.Sprint4.Task0.V16.Lib.csproj", "{EB20ADB4-36AF-4BE8-A08A-30A619EED2A4}"
EndProject
Project("{FAE04EC0-301F-11D3-BF4B-00C04F79EFBC}") = "Tyuiu.TenkeumiaffoSL.Sprint4.Task0.V16.Test", "Tyuiu.TenkeumiaffoSL.Sprint4.Task0.V16.Test\Tyuiu.TenkeumiaffoSL.Sprint4.Task0.V16.Test.csproj", "{0B8CD648-0290-428D-B47B-542230225EFF}"
EndProject
Project("{FAE04EC0-301F-11D3-BF4B-00C04F79EFBC}") = "Tyuiu.TenkeumiaffoSL.Sprint4.Task1.V17", "Tyuiu.TenkeumiaffoSL.Sprint4.Task1.V17\Tyuiu.TenkeumiaffoSL.Sprint4.Task1.V17.csproj", "{2DD0A45C-1556-4038-AAC2-3722029CD335}"
EndProject
Project("{FAE04EC0-301F-11D3-BF4B-00C04F79EFBC}") = "Tyuiu.TenkeumiaffoSL.Sprint4.Task1.V17.Lib", "Tyuiu.TenkeumiaffoSL.Sprint4.Task1.V17.Lib\Tyuiu.TenkeumiaffoSL.Sprint4.Task1.V17.Lib.csproj", "{1A9CCB44-E4A2-42B5-B52C-C51BE73541A1}"
EndProject
Project("{FAE04EC0-301F-11D3-BF4B-00C04F79EFBC}") = "Tyuiu.TenkeumiaffoSL.Sprint4.Task1.V17.Test", "Tyuiu.TenkeumiaffoSL.Sprint4.Task1.V17.Test\Tyuiu.TenkeumiaffoSL.Sprint4.Task1.V17.Test.csproj", "{75E06CD0-466C-4BFA-9E4F-FE403D62B1F1}"
EndProject
Project("{FAE04EC0-301F-11D3-BF4B-00C04F79EFBC}") = "Tyuiu.TenkeumiaffoSL.Sprint4.Task2.V7", "Tyuiu.TenkeumiaffoSL.Sprint4.Task2.V7\Tyuiu.TenkeumiaffoSL.Sprint4.Task2.V7.csproj", "{0E8781D5-0804-4497-BC8D-53C7F50915D5}"
EndProject
Project("{FAE04EC0-301F-11D3-BF4B-00C04F79EFBC}") = "Tyuiu.TenkeumiaffoSL.Sprint4.Task2.V7.Lib", "Tyuiu.TenkeumiaffoSL.Sprint4.Task2.V7.Lib\Tyuiu.TenkeumiaffoSL.Sprint4.Task2.V7.Lib.csproj", "{409EE3EB-347D-416A-B7AD-CB5C21D95863}"
EndProject
Project("{FAE04EC0-301F-11D3-BF4B-00C04F79EFBC}") = "Tyuiu.TenkeumiaffoSL.Sprint4.Task2.V7.Test", "Tyuiu.TenkeumiaffoSL.Sprint4.Task2.V7.Test\Tyuiu.TenkeumiaffoSL.Sprint4.Task2.V7.Test.csproj", "{2DB9B42C-2853-4A26-BF49-1DE85815DC18}"
EndProject
Project("{FAE04EC0-301F-11D3-BF4B-00C04F79EFBC}") = "Tyuiu.TenkeumiaffoSL.Sprint4.Task3.V4", "Tyuiu.TenkeumiaffoSL.Sprint4.Task3.V4\Tyuiu.TenkeumiaffoSL.Sprint4.Task3.V4.csproj", "{DD38DEBE-6AB3-40A6-84EC-3BC92F6A7989}"
EndProject
Project("{FAE04EC0-301F-11D3-BF4B-00C04F79EFBC}") = "Tyuiu.TenkeumiaffoSL.Sprint4.Task3.V4.Lib", "Tyuiu.TenkeumiaffoSL.Sprint4.Task3.V4.Lib\Tyuiu.TenkeumiaffoSL.Sprint4.Task3.V4.Lib.csproj", "{1C5B3C3D-9B4B-42A7-B1CE-8BC221E3DAFB}"
EndProject
Project("{FAE04EC0-301F-11D3-BF4B-00C04F79EFBC}") = "Tyuiu.TenkeumiaffoSL.Sprint4.Task3.V4.Test", "Tyuiu.TenkeumiaffoSL.Sprint4.Task3.V4.Test\Tyuiu.TenkeumiaffoSL.Sprint4.Task3.V4.Test.csproj", "{365C0B62-4985-405B-A913-1B05E0697C75}"
EndProject
Project("{FAE04EC0-301F-11D3-BF4B-00C04F79EFBC}") = "Tyuiu.TenkeumiaffoSL.Sprint4.Task4.V28", "Tyuiu.TenkeumiaffoSL.Sprint4.Task4.V28\Tyuiu.TenkeumiaffoSL.Sprint4.Task4.V28.csproj", "{4634EB67-CED8-4827-9FCD-0A44E1CDA5B6}"
EndProject
Project("{FAE04EC0-301F-11D3-BF4B-00C04F79EFBC}") = "Tyuiu.TenkeumiaffoSL.Sprint4.Task4.V28.Lib", "Tyuiu.TenkeumiaffoSL.Sprint4.Task4.V28.Lib\Tyuiu.TenkeumiaffoSL.Sprint4.Task4.V28.Lib.csproj", "{4FA813BD-9552-4600-9A93-04D917D11806}"
EndProject
Project("{FAE04EC0-301F-11D3-BF4B-00C04F79EFBC}") = "Tyuiu.TenkeumiaffoSL.Sprint4.Task4.V28.Test", "Tyuiu.TenkeumiaffoSL.Sprint4.Task4.V28.Test\Tyuiu.TenkeumiaffoSL.Sprint4.Task4.V28.Test.csproj", "{A2943A1D-6BBF-41E6-91B0-0C20C1BCF7DA}"
EndProject
Project("{FAE04EC0-301F-11D3-BF4B-00C04F79EFBC}") = "Tyuiu.TenkeumiaffoSL.Sprint4.Task5.V1", "Tyuiu.TenkeumiaffoSL.Sprint4.Task5.V1\Tyuiu.TenkeumiaffoSL.Sprint4.Task5.V1.csproj", "{22E10144-BC95-46F8-AE41-00D6FE9119F0}"
EndProject
Project("{FAE04EC0-301F-11D3-BF4B-00C04F79EFBC}") = "Tyuiu.TenkeumiaffoSL.Sprint4.Task5.V1.Lib", "Tyuiu.TenkeumiaffoSL.Sprint4.Task5.V1.Lib\Tyuiu.TenkeumiaffoSL.Sprint4.Task5.V1.Lib.csproj", "{BA798313-2331-47E7-AF5A-855EE62056A3}"
EndProject
Project("{FAE04EC0-301F-11D3-BF4B-00C04F79EFBC}") = "Tyuiu.TenkeumiaffoSL.Sprint4.Task5.V1.Test", "Tyuiu.TenkeumiaffoSL.Sprint4.Task5.V1.Test\Tyuiu.TenkeumiaffoSL.Sprint4.Task5.V1.Test.csproj", "{0EA69D47-8E82-48DD-B86E-FD2325815CBC}"
EndProject
Project("{FAE04EC0-301F-11D3-BF4B-00C04F79EFBC}") = "Tyuiu.TenkeumiaffoSL.Sprint4.Task6.V11", "Tyuiu.TenkeumiaffoSL.Sprint4.Task6.V11\Tyuiu.TenkeumiaffoSL.Sprint4.Task6.V11.csproj", "{38E99996-65FC-417D-B067-3C660FD11195}"
EndProject
Project("{FAE04EC0-301F-11D3-BF4B-00C04F79EFBC}") = "Tyuiu.TenkeumiaffoSL.Sprint4.Task6.V11.Lib", "Tyuiu.TenkeumiaffoSL.Sprint4.Task6.V11.Lib\Tyuiu.TenkeumiaffoSL.Sprint4.Task6.V11.Lib.csproj", "{A441CA53-179E-441E-9B0E-CBC147AA6DAF}"
EndProject
Project("{FAE04EC0-301F-11D3-BF4B-00C04F79EFBC}") = "Tyuiu.TenkeumiaffoSL.Sprint4.Task6.V11.Test", "Tyuiu.TenkeumiaffoSL.Sprint4.Task6.V11.Test\Tyuiu.TenkeumiaffoSL.Sprint4.Task6.V11.Test.csproj", "{648FC3E1-2CFD-49CE-B1DD-0C6AF2482E1C}"
EndProject
Project("{FAE04EC0-301F-11D3-BF4B-00C04F79EFBC}") = "Tyuiu.TenkeumiaffoSL.Sprint4.Task7.V17", "Tyuiu.TenkeumiaffoSL.Sprint4.Task7.V17\Tyuiu.TenkeumiaffoSL.Sprint4.Task7.V17.csproj", "{702D64CA-BA7F-40B6-BF31-0DCC2A2F093E}"
EndProject
Project("{FAE04EC0-301F-11D3-BF4B-00C04F79EFBC}") = "Tyuiu.TenkeumiaffoSL.Sprint4.Task7.V17.Lib", "Tyuiu.TenkeumiaffoSL.Sprint4.Task7.V17.Lib\Tyuiu.TenkeumiaffoSL.Sprint4.Task7.V17.Lib.csproj", "{5F4B03E4-F8BD-4520-846C-290BBF87D5E7}"
EndProject
Project("{FAE04EC0-301F-11D3-BF4B-00C04F79EFBC}") = "Tyuiu.TenkeumiaffoSL.Sprint4.Task7.V17.Test", "Tyuiu.TenkeumiaffoSL.Sprint4.Task7.V17.Test\Tyuiu.TenkeumiaffoSL.Sprint4.Task7.V17.Test.csproj", "{8A0338FD-F8B1-4647-912C-1112C74CE565}"
EndProject
Global
	GlobalSection(SolutionConfigurationPlatforms) = preSolution
		Debug|Any CPU = Debug|Any CPU
		Release|Any CPU = Release|Any CPU
	EndGlobalSection
	GlobalSection(ProjectConfigurationPlatforms) = postSolution
		{7D98A32E-B2CE-43FE-B6AE-0926E5AB5EF5}.Debug|Any CPU.ActiveCfg = Debug|Any CPU
		{7D98A32E-B2CE-43FE-B6AE-0926E5AB5EF5}.Debug|Any CPU.Build.0 = Debug|Any CPU
		{7D98A32E-B2CE-43FE-B6AE-0926E5AB5EF5}.Release|Any CPU.ActiveCfg = Release|Any CPU
		{7D98A32E-B2CE-43FE-B6AE-0926E5AB5EF5}.Release|Any CPU.Build.0 = Release|Any CPU
		{EB20ADB4-36AF-4BE8-A08A-30A619EED2A4}.Debug|Any CPU.ActiveCfg = Debug|Any CPU
		{EB20ADB4-36AF-4BE8-A08A-30A619EED2A4}.Debug|Any CPU.Build.0 = Debug|Any CPU
		{EB20ADB4-36AF-4BE8-A08A-30A619EED2A4}.Release|Any CPU.ActiveCfg = Release|Any CPU
		{EB20ADB4-36AF-4BE8-A08A-30A619EED2A4}.Release|Any CPU.Build.0 = Release|Any CPU
		{0B8CD648-0290-428D-B47B-542230225EFF}.Debug|Any CPU.ActiveCfg = Debug|Any CPU
		{0B8CD648-0290-428D-B47B-542230225EFF}.Debug|Any CPU.Build.0 = Debug|Any CPU
		{0B8CD648-0290-428D-B47B-542230225EFF}.Release|Any CPU.ActiveCfg = Release|Any CPU
		{0B8CD648-0290-428D-B47B-542230225EFF}.Release|Any CPU.Build.0 = Release|Any CPU
		{2DD0A45C-1556-4038-AAC2-3722029CD335}.Debug|Any CPU.ActiveCfg = Debug|Any CPU
		{2DD0A45C-1556-4038-AAC2-3722029CD335}.Debug|Any CPU.Build.0 = Debug|Any CPU
		{2DD0A45C-1556-4038-AAC2-3722029CD335}.Release|Any CPU.ActiveCfg = Release|Any CPU
		{2DD0A45C-1556-4038-AAC2-3722029CD335}.Release|Any CPU.Build.0 = Release|Any CPU
		{1A9CCB44-E4A2-42B5-B52C-C51BE73541A1}.Debug|Any CPU.ActiveCfg = Debug|Any CPU
		{1A9CCB44-E4A2-42B5-B52C-C51BE73541A1}.Debug|Any CPU.Build.0 = Debug|Any CPU
		{1A9CCB44-E4A2-42B5-B52C-C51BE73541A1}.Release|Any CPU.ActiveCfg = Release|Any CPU
		{1A9CCB44-E4A2-42B5-B52C-C51BE73541A1}.Release|Any CPU.Build.0 = Release|Any CPU
		{75E06CD0-466C-4BFA-9E4F-FE403D62B1F1}.Debug|Any CPU.ActiveCfg = Debug|Any CPU
		{75E06CD0-466C-4BFA-9E4F-FE403D62B1F1}.Debug|Any CPU.Build.0 = Debug|Any CPU
		{75E06CD0-466C-4BFA-9E4F-FE403D62B1F1}.Release|Any CPU.ActiveCfg = Release|Any CPU
		{75E06CD0-466C-4BFA-9E4F-FE403D62B1F1}.Release|Any CPU.Build.0 = Release|Any CPU
		{0E8781D5-0804-4497-BC8D-53C7F50915D5}.Debug|Any CPU.ActiveCfg = Debug|Any CPU
		{0E8781D5-0804-4497-BC8D-53C7F50915D5}.Debug|Any CPU.Build.0 = Debug|Any CPU
		{0E8781D5-0804-4497-BC8D-53C7F50915D5}.Release|Any CPU.ActiveCfg = Release|Any CPU
		{0E8781D5-0804-4497-BC8D-53C7F50915D5}.Release|Any CPU.Build.0 = Release|Any CPU
		{409EE3EB-347D-416A-B7AD-CB5C21D95863}.Debug|Any CPU.ActiveCfg = Debug|Any CPU
		{409EE3EB-347D-416A-B7AD-CB5C21D95863}.Debug|Any CPU.Build.0 = Debug|Any CPU
		{409EE3EB-347D-416A-B7AD-CB5C21D95863}.Release|Any CPU.ActiveCfg = Release|Any CPU
		{409EE3EB-347D-416A-B7AD-CB5C21D95863}.Release|Any CPU.Build.0 = Release|Any CPU
		{2DB9B42C-2853-4A26-BF49-1DE85815DC18}.Debug|Any CPU.ActiveCfg = Debug|Any CPU
		{2DB9B42C-2853-4A26-BF49-1DE85815DC18}.Debug|Any CPU.Build.0 = Debug|Any CPU
		{2DB9B42C-2853-4A26-BF49-1DE85815DC18}.Release|Any CPU.ActiveCfg = Release|Any CPU
		{2DB9B42C-2853-4A26-BF49-1DE85815DC18}.Release|Any CPU.Build.0 = Release|Any CPU
		{DD38DEBE-6AB3-40A6-84EC-3BC92F6A7989}.Debug|Any CPU.ActiveCfg = Debug|Any CPU
		{DD38DEBE-6AB3-40A6-84EC-3BC92F6A7989}.Debug|Any CPU.Build.0 = Debug|Any CPU
		{DD38DEBE-6AB3-40A6-84EC-3BC92F6A7989}.Release|Any CPU.ActiveCfg = Release|Any CPU
		{DD38DEBE-6AB3-40A6-84EC-3BC92F6A7989}.Release|Any CPU.Build.0 = Release|Any CPU
		{1C5B3C3D-9B4B-42A7-B1CE-8BC221E3DAFB}.Debug|Any CPU.ActiveCfg = Debug|Any CPU
		{1C5B3C3D-9B4B-42A7-B1CE-8BC221E3DAFB}.Debug|Any CPU.Build.0 = Debug|Any CPU
		{1C5B3C3D-9B4B-42A7-B1CE-8BC221E3DAFB}.Release|Any CPU.ActiveCfg = Release|Any CPU
		{1C5B3C3D-9B4B-42A7-B1CE-8BC221E3DAFB}.Release|Any CPU.Build.0 = Release|Any CPU
		{365C0B62-4985-405B-A913-1B05E0697C75}.Debug|Any CPU.ActiveCfg = Debug|Any CPU
		{365C0B62-4985-405B-A913-1B05E0697C75}.Debug|Any CPU.Build.0 = Debug|Any CPU
		{365C0B62-4985-405B-A913-1B05E0697C75}.Release|Any CPU.ActiveCfg = Release|Any CPU
		{365C0B62-4985-405B-A913-1B05E0697C75}.Release|Any CPU.Build.0 = Release|Any CPU
		{4634EB67-CED8-4827-9FCD-0A44E1CDA5B6}.Debug|Any CPU.ActiveCfg = Debug|Any CPU
		{4634EB67-CED8-4827-9FCD-0A44E1CDA5B6}.Debug|Any CPU.Build.0 = Debug|Any CPU
		{4634EB67-CED8-4827-9FCD-0A44E1CDA5B6}.Release|Any CPU.ActiveCfg = Release|Any CPU
		{4634EB67-CED8-4827-9FCD-0A44E1CDA5B6}.Release|Any CPU.Build.0 = Release|Any CPU
		{4FA813BD-9552-4600-9A93-04D917D11806}.Debug|Any CPU.ActiveCfg = Debug|Any CPU
		{4FA813BD-9552-4600-9A93-04D917D11806}.Debug|Any CPU.Build.0 = Debug|Any CPU
		{4FA813BD-9552-4600-9A93-04D917D11806}.Release|Any CPU.ActiveCfg = Release|Any CPU
		{4FA813BD-9552-4600-9A93-04D917D11806}.Release|Any CPU.Build.0 = Release|Any CPU
		{A2943A1D-6BBF-41E6-91B0-0C20C1BCF7DA}.Debug|Any CPU.ActiveCfg = Debug|Any CPU
		{A2943A1D-6BBF-41E6-91B0-0C20C1BCF7DA}.Debug|Any CPU.Build.0 = Debug|Any CPU
		{A2943A1D-6BBF-41E6-91B0-0C20C1BCF7DA}.Release|Any CPU.ActiveCfg = Release|Any CPU
		{A2943A1D-6BBF-41E6-91B0-0C20C1BCF7DA}.Release|Any CPU.Build.0 = Release|Any CPU
		{22E10144-BC95-46F8-AE41-00D6FE9119F0}.Debug|Any CPU.ActiveCfg = Debug|Any CPU
		{22E10144-BC95-46F8-AE41-00D6FE9119F0}.Debug|Any CPU.Build.0 = Debug|Any CPU
		{22E10144-BC95-46F8-AE41-00D6FE9119F0}.Release|Any CPU.ActiveCfg = Release|Any CPU
		{22E10144-BC95-46F8-AE41-00D6FE9119F0}.Release|Any CPU.Build.0 = Release|Any CPU
		{BA798313-2331-47E7-AF5A-855EE62056A3}.Debug|Any CPU.ActiveCfg = Debug|Any CPU
		{BA798313-2331-47E7-AF5A-855EE62056A3}.Debug|Any CPU.Build.0 = Debug|Any CPU
		{BA798313-2331-47E7-AF5A-855EE62056A3}.Release|Any CPU.ActiveCfg = Release|Any CPU
		{BA798313-2331-47E7-AF5A-855EE62056A3}.Release|Any CPU.Build.0 = Release|Any CPU
		{0EA69D47-8E82-48DD-B86E-FD2325815CBC}.Debug|Any CPU.ActiveCfg = Debug|Any CPU
		{0EA69D47-8E82-48DD-B86E-FD2325815CBC}.Debug|Any CPU.Build.0 = Debug|Any CPU
		{0EA69D47-8E82-48DD-B86E-FD2325815CBC}.Release|Any CPU.ActiveCfg = Release|Any CPU
		{0EA69D47-8E82-48DD-B86E-FD2325815CBC}.Release|Any CPU.Build.0 = Release|Any CPU
		{38E99996-65FC-417D-B067-3C660FD11195}.Debug|Any CPU.ActiveCfg = Debug|Any CPU
		{38E99996-65FC-417D-B067-3C660FD11195}.Debug|Any CPU.Build.0 = Debug|Any CPU
		{38E99996-65FC-417D-B067-3C660FD11195}.Release|Any CPU.ActiveCfg = Release|Any CPU
		{38E99996-65FC-417D-B067-3C660FD11195}.Release|Any CPU.Build.0 = Release|Any CPU
		{A441CA53-179E-441E-9B0E-CBC147AA6DAF}.Debug|Any CPU.ActiveCfg = Debug|Any CPU
		{A441CA53-179E-441E-9B0E-CBC147AA6DAF}.Debug|Any CPU.Build.0 = Debug|Any CPU
		{A441CA53-179E-441E-9B0E-CBC147AA6DAF}.Release|Any CPU.ActiveCfg = Release|Any CPU
		{A441CA53-179E-441E-9B0E-CBC147AA6DAF}.Release|Any CPU.Build.0 = Release|Any CPU
		{648FC3E1-2CFD-49CE-B1DD-0C6AF2482E1C}.Debug|Any CPU.ActiveCfg = Debug|Any CPU
		{648FC3E1-2CFD-49CE-B1DD-0C6AF2482E1C}.Debug|Any CPU.Build.0 = Debug|Any CPU
		{648FC3E1-2CFD-49CE-B1DD-0C6AF2482E1C}.Release|Any CPU.ActiveCfg = Release|Any CPU
		{648FC3E1-2CFD-49CE-B1DD-0C6AF2482E1C}.Release|Any CPU.Build.0 = Release|Any CPU
		{702D64CA-BA7F-40B6-BF31-0DCC2A2F093E}.Debug|Any CPU.ActiveCfg = Debug|Any CPU
		{702D64CA-BA7F-40B6-BF31-0DCC2A2F093E}.Debug|Any CPU.Build.0 = Debug|Any CPU
		{702D64CA-BA7F-40B6-BF31-0DCC2A2F093E}.Release|Any CPU.ActiveCfg = Release|Any CPU
		{702D64CA-BA7F-40B6-BF31-0DCC2A2F093E}.Release|Any CPU.Build.0 = Release|Any CPU
		{5F4B03E4-F8BD-4520-846C-290BBF87D5E7}.Debug|Any CPU.ActiveCfg = Debug|Any CPU
		{5F4B03E4-F8BD-4520-846C-290BBF87D5E7}.Debug|Any CPU.Build.0 = Debug|Any CPU
		{5F4B03E4-F8BD-4520-846C-290BBF87D5E7}.Release|Any CPU.ActiveCfg = Release|Any CPU
		{5F4B03E4-F8BD-4520-846C-290BBF87D5E7}.Release|Any CPU.Build.0 = Release|Any CPU
		{8A0338FD-F8B1-4647-912C-1112C74CE565}.Debug|Any CPU.ActiveCfg = Debug|Any CPU
		{8A0338FD-F8B1-4647-912C-1112C74CE565}.Debug|Any CPU.Build.0 = Debug|Any CPU
		{8A0338FD-F8B1-4647-912C-1112C74CE565}.Release|Any CPU.ActiveCfg = Release|Any CPU
		{8A0338FD-F8B1-4647-912C-1112C74CE565}.Release|Any CPU.Build.0 = Release|Any CPU
	EndGlobalSection
	GlobalSection(SolutionProperties) = preSolution
		HideSolutionNode = FALSE
	EndGlobalSection
	GlobalSection(NestedProjects) = preSolution
		{7D98A32E-B2CE-43FE-B6AE-0926E5AB5EF5} = {02EA681E-C7D8-13C7-8484-4AC65E1B71E8}
		{EB20ADB4-36AF-4BE8-A08A-30A619EED2A4} = {02EA681E-C7D8-13C7-8484-4AC65E1B71E8}
		{0B8CD648-0290-428D-B47B-542230225EFF} = {02EA681E-C7D8-13C7-8484-4AC65E1B71E8}
		{2DD0A45C-1556-4038-AAC2-3722029CD335} = {4C1EADE5-4D39-4A78-B4D4-D9C33C6E3C03}
		{1A9CCB44-E4A2-42B5-B52C-C51BE73541A1} = {4C1EADE5-4D39-4A78-B4D4-D9C33C6E3C03}
		{75E06CD0-466C-4BFA-9E4F-FE403D62B1F1} = {4C1EADE5-4D39-4A78-B4D4-D9C33C6E3C03}
		{0E8781D5-0804-4497-BC8D-53C7F50915D5} = {9B37545C-E2AC-4526-A1E1-A469DF5FBDE1}
		{409EE3EB-347D-416A-B7AD-CB5C21D95863} = {9B37545C-E2AC-4526-A1E1-A469DF5FBDE1}
		{2DB9B42C-2853-4A26-BF49-1DE85815DC18} = {9B37545C-E2AC-4526-A1E1-A469DF5FBDE1}
		{DD38DEBE-6AB3-40A6-84EC-3BC92F6A7989} = {D069429A-C1AA-4A3A-9A1F-652682556E47}
		{1C5B3C3D-9B4B-42A7-B1CE-8BC221E3DAFB} = {D069429A-C1AA-4A3A-9A1F-652682556E47}
		{365C0B62-4985-405B-A913-1B05E0697C75} = {D069429A-C1AA-4A3A-9A1F-652682556E47}
		{4634EB67-CED8-4827-9FCD-0A44E1CDA5B6} = {E022F490-BE25-4DFA-A07F-AB9C497C5F56}
		{4FA813BD-9552-4600-9A93-04D917D11806} = {E022F490-BE25-4DFA-A07F-AB9C497C5F56}
		{A2943A1D-6BBF-41E6-91B0-0C20C1BCF7DA} = {E022F490-BE25-4DFA-A07F-AB9C497C5F56}
		{22E10144-BC95-46F8-AE41-00D6FE9119F0} = {9B665F75-F577-4951-A617-BBFDE28F86C1}
		{BA798313-2331-47E7-AF5A-855EE62056A3} = {9B665F75-F577-4951-A617-BBFDE28F86C1}
		{0EA69D47-8E82-48DD-B86E-FD2325815CBC} = {9B665F75-F577-4951-A617-BBFDE28F86C1}
		{38E99996-65FC-417D-B067-3C660FD11195} = {087889B0-B1AC-453A-824A-DFBC3FC614ED}
		{A441CA53-179E-441E-9B0E-CBC147AA6DAF} = {087889B0-B1AC-453A-824A-DFBC3FC614ED}
		{648FC3E1-2CFD-49CE-B1DD-0C6AF2482E1C} = {087889B0-B1AC-453A-824A-DFBC3FC614ED}
		{702D64CA-BA7F-40B6-BF31-0DCC2A2F093E} = {A9058812-AAA1-4BDB-975E-C152051578FD}
		{5F4B03E4-F8BD-4520-846C-290BBF87D5E7} = {A9058812-AAA1-4BDB-975E-C152051578FD}
		{8A0338FD-F8B1-4647-912C-1112C74CE565} = {A9058812-AAA1-4BDB-975E-C152051578FD}
	EndGlobalSection
	GlobalSection(ExtensibilityGlobals) = postSolution
		SolutionGuid = {66A56B3F-4510-4413-B9B1-5E9407FA5859}
	EndGlobalSection
EndGlobal
